// !$*UTF8*$!
{
	archiveVersion = 1;
	classes = {
	};
	objectVersion = 46;
	objects = {

/* Begin PBXBuildFile section */
		3AC4D3BD1C83D80C0074A0C1 /* AppDelegate.swift in Sources */ = {isa = PBXBuildFile; fileRef = 3AC4D3BC1C83D80C0074A0C1 /* AppDelegate.swift */; };
		3AC4D3BF1C83D80C0074A0C1 /* ViewController.swift in Sources */ = {isa = PBXBuildFile; fileRef = 3AC4D3BE1C83D80C0074A0C1 /* ViewController.swift */; };
		3AC4D3C21C83D80C0074A0C1 /* Main.storyboard in Resources */ = {isa = PBXBuildFile; fileRef = 3AC4D3C01C83D80C0074A0C1 /* Main.storyboard */; };
		3AC4D3C41C83D80C0074A0C1 /* Assets.xcassets in Resources */ = {isa = PBXBuildFile; fileRef = 3AC4D3C31C83D80C0074A0C1 /* Assets.xcassets */; };
		3AC4D3C71C83D80C0074A0C1 /* LaunchScreen.storyboard in Resources */ = {isa = PBXBuildFile; fileRef = 3AC4D3C51C83D80C0074A0C1 /* LaunchScreen.storyboard */; };
		3AC4D3D21C83D80C0074A0C1 /* tumblrTests.swift in Sources */ = {isa = PBXBuildFile; fileRef = 3AC4D3D11C83D80C0074A0C1 /* tumblrTests.swift */; };
		3AC4D3DD1C83D80C0074A0C1 /* tumblrUITests.swift in Sources */ = {isa = PBXBuildFile; fileRef = 3AC4D3DC1C83D80C0074A0C1 /* tumblrUITests.swift */; };
/* End PBXBuildFile section */

/* Begin PBXContainerItemProxy section */
		3AC4D3CE1C83D80C0074A0C1 /* PBXContainerItemProxy */ = {
			isa = PBXContainerItemProxy;
			containerPortal = 3AC4D3B11C83D80B0074A0C1 /* Project object */;
			proxyType = 1;
			remoteGlobalIDString = 3AC4D3B81C83D80C0074A0C1;
			remoteInfo = tumblr;
		};
		3AC4D3D91C83D80C0074A0C1 /* PBXContainerItemProxy */ = {
			isa = PBXContainerItemProxy;
			containerPortal = 3AC4D3B11C83D80B0074A0C1 /* Project object */;
			proxyType = 1;
			remoteGlobalIDString = 3AC4D3B81C83D80C0074A0C1;
			remoteInfo = tumblr;
		};
/* End PBXContainerItemProxy section */

/* Begin PBXFileReference section */
		3AC4D3B91C83D80C0074A0C1 /* tumblr.app */ = {isa = PBXFileReference; explicitFileType = wrapper.application; includeInIndex = 0; path = tumblr.app; sourceTree = BUILT_PRODUCTS_DIR; };
		3AC4D3BC1C83D80C0074A0C1 /* AppDelegate.swift */ = {isa = PBXFileReference; lastKnownFileType = sourcecode.swift; path = AppDelegate.swift; sourceTree = "<group>"; };
		3AC4D3BE1C83D80C0074A0C1 /* ViewController.swift */ = {isa = PBXFileReference; lastKnownFileType = sourcecode.swift; path = ViewController.swift; sourceTree = "<group>"; };
		3AC4D3C11C83D80C0074A0C1 /* Base */ = {isa = PBXFileReference; lastKnownFileType = file.storyboard; name = Base; path = Base.lproj/Main.storyboard; sourceTree = "<group>"; };
		3AC4D3C31C83D80C0074A0C1 /* Assets.xcassets */ = {isa = PBXFileReference; lastKnownFileType = folder.assetcatalog; path = Assets.xcassets; sourceTree = "<group>"; };
		3AC4D3C61C83D80C0074A0C1 /* Base */ = {isa = PBXFileReference; lastKnownFileType = file.storyboard; name = Base; path = Base.lproj/LaunchScreen.storyboard; sourceTree = "<group>"; };
		3AC4D3C81C83D80C0074A0C1 /* Info.plist */ = {isa = PBXFileReference; lastKnownFileType = text.plist.xml; path = Info.plist; sourceTree = "<group>"; };
		3AC4D3CD1C83D80C0074A0C1 /* tumblrTests.xctest */ = {isa = PBXFileReference; explicitFileType = wrapper.cfbundle; includeInIndex = 0; path = tumblrTests.xctest; sourceTree = BUILT_PRODUCTS_DIR; };
		3AC4D3D11C83D80C0074A0C1 /* tumblrTests.swift */ = {isa = PBXFileReference; lastKnownFileType = sourcecode.swift; path = tumblrTests.swift; sourceTree = "<group>"; };
		3AC4D3D31C83D80C0074A0C1 /* Info.plist */ = {isa = PBXFileReference; lastKnownFileType = text.plist.xml; path = Info.plist; sourceTree = "<group>"; };
		3AC4D3D81C83D80C0074A0C1 /* tumblrUITests.xctest */ = {isa = PBXFileReference; explicitFileType = wrapper.cfbundle; includeInIndex = 0; path = tumblrUITests.xctest; sourceTree = BUILT_PRODUCTS_DIR; };
		3AC4D3DC1C83D80C0074A0C1 /* tumblrUITests.swift */ = {isa = PBXFileReference; lastKnownFileType = sourcecode.swift; path = tumblrUITests.swift; sourceTree = "<group>"; };
		3AC4D3DE1C83D80C0074A0C1 /* Info.plist */ = {isa = PBXFileReference; lastKnownFileType = text.plist.xml; path = Info.plist; sourceTree = "<group>"; };
/* End PBXFileReference section */

/* Begin PBXFrameworksBuildPhase section */
		3AC4D3B61C83D80C0074A0C1 /* Frameworks */ = {
			isa = PBXFrameworksBuildPhase;
			buildActionMask = 2147483647;
			files = (
			);
			runOnlyForDeploymentPostprocessing = 0;
		};
		3AC4D3CA1C83D80C0074A0C1 /* Frameworks */ = {
			isa = PBXFrameworksBuildPhase;
			buildActionMask = 2147483647;
			files = (
			);
			runOnlyForDeploymentPostprocessing = 0;
		};
		3AC4D3D51C83D80C0074A0C1 /* Frameworks */ = {
			isa = PBXFrameworksBuildPhase;
			buildActionMask = 2147483647;
			files = (
			);
			runOnlyForDeploymentPostprocessing = 0;
		};
/* End PBXFrameworksBuildPhase section */

/* Begin PBXGroup section */
		3AC4D3B01C83D80B0074A0C1 = {
			isa = PBXGroup;
			children = (
				3AC4D3BB1C83D80C0074A0C1 /* tumblr */,
				3AC4D3D01C83D80C0074A0C1 /* tumblrTests */,
				3AC4D3DB1C83D80C0074A0C1 /* tumblrUITests */,
				3AC4D3BA1C83D80C0074A0C1 /* Products */,
			);
			sourceTree = "<group>";
		};
		3AC4D3BA1C83D80C0074A0C1 /* Products */ = {
			isa = PBXGroup;
			children = (
				3AC4D3B91C83D80C0074A0C1 /* tumblr.app */,
				3AC4D3CD1C83D80C0074A0C1 /* tumblrTests.xctest */,
				3AC4D3D81C83D80C0074A0C1 /* tumblrUITests.xctest */,
			);
			name = Products;
			sourceTree = "<group>";
		};
		3AC4D3BB1C83D80C0074A0C1 /* tumblr */ = {
			isa = PBXGroup;
			children = (
				3AC4D3BC1C83D80C0074A0C1 /* AppDelegate.swift */,
				3AC4D3BE1C83D80C0074A0C1 /* ViewController.swift */,
				3AC4D3C01C83D80C0074A0C1 /* Main.storyboard */,
				3AC4D3C31C83D80C0074A0C1 /* Assets.xcassets */,
				3AC4D3C51C83D80C0074A0C1 /* LaunchScreen.storyboard */,
				3AC4D3C81C83D80C0074A0C1 /* Info.plist */,
			);
			path = tumblr;
			sourceTree = "<group>";
		};
		3AC4D3D01C83D80C0074A0C1 /* tumblrTests */ = {
			isa = PBXGroup;
			children = (
				3AC4D3D11C83D80C0074A0C1 /* tumblrTests.swift */,
				3AC4D3D31C83D80C0074A0C1 /* Info.plist */,
			);
			path = tumblrTests;
			sourceTree = "<group>";
		};
		3AC4D3DB1C83D80C0074A0C1 /* tumblrUITests */ = {
			isa = PBXGroup;
			children = (
				3AC4D3DC1C83D80C0074A0C1 /* tumblrUITests.swift */,
				3AC4D3DE1C83D80C0074A0C1 /* Info.plist */,
			);
			path = tumblrUITests;
			sourceTree = "<group>";
		};
/* End PBXGroup section */

/* Begin PBXNativeTarget section */
		3AC4D3B81C83D80C0074A0C1 /* tumblr */ = {
			isa = PBXNativeTarget;
			buildConfigurationList = 3AC4D3E11C83D80C0074A0C1 /* Build configuration list for PBXNativeTarget "tumblr" */;
			buildPhases = (
				3AC4D3B51C83D80C0074A0C1 /* Sources */,
				3AC4D3B61C83D80C0074A0C1 /* Frameworks */,
				3AC4D3B71C83D80C0074A0C1 /* Resources */,
			);
			buildRules = (
			);
			dependencies = (
			);
			name = tumblr;
			productName = tumblr;
			productReference = 3AC4D3B91C83D80C0074A0C1 /* tumblr.app */;
			productType = "com.apple.product-type.application";
		};
		3AC4D3CC1C83D80C0074A0C1 /* tumblrTests */ = {
			isa = PBXNativeTarget;
			buildConfigurationList = 3AC4D3E41C83D80C0074A0C1 /* Build configuration list for PBXNativeTarget "tumblrTests" */;
			buildPhases = (
				3AC4D3C91C83D80C0074A0C1 /* Sources */,
				3AC4D3CA1C83D80C0074A0C1 /* Frameworks */,
				3AC4D3CB1C83D80C0074A0C1 /* Resources */,
			);
			buildRules = (
			);
			dependencies = (
				3AC4D3CF1C83D80C0074A0C1 /* PBXTargetDependency */,
			);
			name = tumblrTests;
			productName = tumblrTests;
			productReference = 3AC4D3CD1C83D80C0074A0C1 /* tumblrTests.xctest */;
			productType = "com.apple.product-type.bundle.unit-test";
		};
		3AC4D3D71C83D80C0074A0C1 /* tumblrUITests */ = {
			isa = PBXNativeTarget;
			buildConfigurationList = 3AC4D3E71C83D80C0074A0C1 /* Build configuration list for PBXNativeTarget "tumblrUITests" */;
			buildPhases = (
				3AC4D3D41C83D80C0074A0C1 /* Sources */,
				3AC4D3D51C83D80C0074A0C1 /* Frameworks */,
				3AC4D3D61C83D80C0074A0C1 /* Resources */,
			);
			buildRules = (
			);
			dependencies = (
				3AC4D3DA1C83D80C0074A0C1 /* PBXTargetDependency */,
			);
			name = tumblrUITests;
			productName = tumblrUITests;
			productReference = 3AC4D3D81C83D80C0074A0C1 /* tumblrUITests.xctest */;
			productType = "com.apple.product-type.bundle.ui-testing";
		};
/* End PBXNativeTarget section */

/* Begin PBXProject section */
		3AC4D3B11C83D80B0074A0C1 /* Project object */ = {
			isa = PBXProject;
			attributes = {
				LastSwiftUpdateCheck = 0720;
				LastUpgradeCheck = 0720;
				ORGANIZATIONNAME = FargoFremling;
				TargetAttributes = {
					3AC4D3B81C83D80C0074A0C1 = {
						CreatedOnToolsVersion = 7.2.1;
						DevelopmentTeam = N3KQQFHZTL;
					};
					3AC4D3CC1C83D80C0074A0C1 = {
						CreatedOnToolsVersion = 7.2.1;
						DevelopmentTeam = N3KQQFHZTL;
						TestTargetID = 3AC4D3B81C83D80C0074A0C1;
					};
					3AC4D3D71C83D80C0074A0C1 = {
						CreatedOnToolsVersion = 7.2.1;
						DevelopmentTeam = N3KQQFHZTL;
						TestTargetID = 3AC4D3B81C83D80C0074A0C1;
					};
				};
			};
			buildConfigurationList = 3AC4D3B41C83D80B0074A0C1 /* Build configuration list for PBXProject "tumblr" */;
			compatibilityVersion = "Xcode 3.2";
			developmentRegion = English;
			hasScannedForEncodings = 0;
			knownRegions = (
				en,
				Base,
			);
			mainGroup = 3AC4D3B01C83D80B0074A0C1;
			productRefGroup = 3AC4D3BA1C83D80C0074A0C1 /* Products */;
			projectDirPath = "";
			projectRoot = "";
			targets = (
				3AC4D3B81C83D80C0074A0C1 /* tumblr */,
				3AC4D3CC1C83D80C0074A0C1 /* tumblrTests */,
				3AC4D3D71C83D80C0074A0C1 /* tumblrUITests */,
			);
		};
/* End PBXProject section */

/* Begin PBXResourcesBuildPhase section */
		3AC4D3B71C83D80C0074A0C1 /* Resources */ = {
			isa = PBXResourcesBuildPhase;
			buildActionMask = 2147483647;
			files = (
				3AC4D3C71C83D80C0074A0C1 /* LaunchScreen.storyboard in Resources */,
				3AC4D3C41C83D80C0074A0C1 /* Assets.xcassets in Resources */,
				3AC4D3C21C83D80C0074A0C1 /* Main.storyboard in Resources */,
			);
			runOnlyForDeploymentPostprocessing = 0;
		};
		3AC4D3CB1C83D80C0074A0C1 /* Resources */ = {
			isa = PBXResourcesBuildPhase;
			buildActionMask = 2147483647;
			files = (
			);
			runOnlyForDeploymentPostprocessing = 0;
		};
		3AC4D3D61C83D80C0074A0C1 /* Resources */ = {
			isa = PBXResourcesBuildPhase;
			buildActionMask = 2147483647;
			files = (
			);
			runOnlyForDeploymentPostprocessing = 0;
		};
/* End PBXResourcesBuildPhase section */

/* Begin PBXSourcesBuildPhase section */
		3AC4D3B51C83D80C0074A0C1 /* Sources */ = {
			isa = PBXSourcesBuildPhase;
			buildActionMask = 2147483647;
			files = (
				3AC4D3BF1C83D80C0074A0C1 /* ViewController.swift in Sources */,
				3AC4D3BD1C83D80C0074A0C1 /* AppDelegate.swift in Sources */,
			);
			runOnlyForDeploymentPostprocessing = 0;
		};
		3AC4D3C91C83D80C0074A0C1 /* Sources */ = {
			isa = PBXSourcesBuildPhase;
			buildActionMask = 2147483647;
			files = (
				3AC4D3D21C83D80C0074A0C1 /* tumblrTests.swift in Sources */,
			);
			runOnlyForDeploymentPostprocessing = 0;
		};
		3AC4D3D41C83D80C0074A0C1 /* Sources */ = {
			isa = PBXSourcesBuildPhase;
			buildActionMask = 2147483647;
			files = (
				3AC4D3DD1C83D80C0074A0C1 /* tumblrUITests.swift in Sources */,
			);
			runOnlyForDeploymentPostprocessing = 0;
		};
/* End PBXSourcesBuildPhase section */

/* Begin PBXTargetDependency section */
		3AC4D3CF1C83D80C0074A0C1 /* PBXTargetDependency */ = {
			isa = PBXTargetDependency;
			target = 3AC4D3B81C83D80C0074A0C1 /* tumblr */;
			targetProxy = 3AC4D3CE1C83D80C0074A0C1 /* PBXContainerItemProxy */;
		};
		3AC4D3DA1C83D80C0074A0C1 /* PBXTargetDependency */ = {
			isa = PBXTargetDependency;
			target = 3AC4D3B81C83D80C0074A0C1 /* tumblr */;
			targetProxy = 3AC4D3D91C83D80C0074A0C1 /* PBXContainerItemProxy */;
		};
/* End PBXTargetDependency section */

/* Begin PBXVariantGroup section */
		3AC4D3C01C83D80C0074A0C1 /* Main.storyboard */ = {
			isa = PBXVariantGroup;
			children = (
				3AC4D3C11C83D80C0074A0C1 /* Base */,
			);
			name = Main.storyboard;
			sourceTree = "<group>";
		};
		3AC4D3C51C83D80C0074A0C1 /* LaunchScreen.storyboard */ = {
			isa = PBXVariantGroup;
			children = (
				3AC4D3C61C83D80C0074A0C1 /* Base */,
			);
			name = LaunchScreen.storyboard;
			sourceTree = "<group>";
		};
/* End PBXVariantGroup section */

/* Begin XCBuildConfiguration section */
		3AC4D3DF1C83D80C0074A0C1 /* Debug */ = {
			isa = XCBuildConfiguration;
			buildSettings = {
				ALWAYS_SEARCH_USER_PATHS = NO;
				CLANG_CXX_LANGUAGE_STANDARD = "gnu++0x";
				CLANG_CXX_LIBRARY = "libc++";
				CLANG_ENABLE_MODULES = YES;
				CLANG_ENABLE_OBJC_ARC = YES;
				CLANG_WARN_BOOL_CONVERSION = YES;
				CLANG_WARN_CONSTANT_CONVERSION = YES;
				CLANG_WARN_DIRECT_OBJC_ISA_USAGE = YES_ERROR;
				CLANG_WARN_EMPTY_BODY = YES;
				CLANG_WARN_ENUM_CONVERSION = YES;
				CLANG_WARN_INT_CONVERSION = YES;
				CLANG_WARN_OBJC_ROOT_CLASS = YES_ERROR;
				CLANG_WARN_UNREACHABLE_CODE = YES;
				CLANG_WARN__DUPLICATE_METHOD_MATCH = YES;
				"CODE_SIGN_IDENTITY[sdk=iphoneos*]" = "iPhone Developer";
				COPY_PHASE_STRIP = NO;
				DEBUG_INFORMATION_FORMAT = dwarf;
				ENABLE_STRICT_OBJC_MSGSEND = YES;
				ENABLE_TESTABILITY = YES;
				GCC_C_LANGUAGE_STANDARD = gnu99;
				GCC_DYNAMIC_NO_PIC = NO;
				GCC_NO_COMMON_BLOCKS = YES;
				GCC_OPTIMIZATION_LEVEL = 0;
				GCC_PREPROCESSOR_DEFINITIONS = (
					"DEBUG=1",
					"$(inherited)",
				);
				GCC_WARN_64_TO_32_BIT_CONVERSION = YES;
				GCC_WARN_ABOUT_RETURN_TYPE = YES_ERROR;
				GCC_WARN_UNDECLARED_SELECTOR = YES;
				GCC_WARN_UNINITIALIZED_AUTOS = YES_AGGRESSIVE;
				GCC_WARN_UNUSED_FUNCTION = YES;
				GCC_WARN_UNUSED_VARIABLE = YES;
				IPHONEOS_DEPLOYMENT_TARGET = 9.2;
				MTL_ENABLE_DEBUG_INFO = YES;
				ONLY_ACTIVE_ARCH = YES;
				SDKROOT = iphoneos;
				SWIFT_OPTIMIZATION_LEVEL = "-Onone";
			};
			name = Debug;
		};
		3AC4D3E01C83D80C0074A0C1 /* Release */ = {
			isa = XCBuildConfiguration;
			buildSettings = {
				ALWAYS_SEARCH_USER_PATHS = NO;
				CLANG_CXX_LANGUAGE_STANDARD = "gnu++0x";
				CLANG_CXX_LIBRARY = "libc++";
				CLANG_ENABLE_MODULES = YES;
				CLANG_ENABLE_OBJC_ARC = YES;
				CLANG_WARN_BOOL_CONVERSION = YES;
				CLANG_WARN_CONSTANT_CONVERSION = YES;
				CLANG_WARN_DIRECT_OBJC_ISA_USAGE = YES_ERROR;
				CLANG_WARN_EMPTY_BODY = YES;
				CLANG_WARN_ENUM_CONVERSION = YES;
				CLANG_WARN_INT_CONVERSION = YES;
				CLANG_WARN_OBJC_ROOT_CLASS = YES_ERROR;
				CLANG_WARN_UNREACHABLE_CODE = YES;
				CLANG_WARN__DUPLICATE_METHOD_MATCH = YES;
				"CODE_SIGN_IDENTITY[sdk=iphoneos*]" = "iPhone Developer";
				COPY_PHASE_STRIP = NO;
				DEBUG_INFORMATION_FORMAT = "dwarf-with-dsym";
				ENABLE_NS_ASSERTIONS = NO;
				ENABLE_STRICT_OBJC_MSGSEND = YES;
				GCC_C_LANGUAGE_STANDARD = gnu99;
				GCC_NO_COMMON_BLOCKS = YES;
				GCC_WARN_64_TO_32_BIT_CONVERSION = YES;
				GCC_WARN_ABOUT_RETURN_TYPE = YES_ERROR;
				GCC_WARN_UNDECLARED_SELECTOR = YES;
				GCC_WARN_UNINITIALIZED_AUTOS = YES_AGGRESSIVE;
				GCC_WARN_UNUSED_FUNCTION = YES;
				GCC_WARN_UNUSED_VARIABLE = YES;
				IPHONEOS_DEPLOYMENT_TARGET = 9.2;
				MTL_ENABLE_DEBUG_INFO = NO;
				SDKROOT = iphoneos;
				VALIDATE_PRODUCT = YES;
			};
			name = Release;
		};
		3AC4D3E21C83D80C0074A0C1 /* Debug */ = {
			isa = XCBuildConfiguration;
			buildSettings = {
				ASSETCATALOG_COMPILER_APPICON_NAME = AppIcon;
				INFOPLIST_FILE = tumblr/Info.plist;
				LD_RUNPATH_SEARCH_PATHS = "$(inherited) @executable_path/Frameworks";
				PRODUCT_BUNDLE_IDENTIFIER = com.fargofremling.tumblr;
				PRODUCT_NAME = "$(TARGET_NAME)";
			};
			name = Debug;
		};
		3AC4D3E31C83D80C0074A0C1 /* Release */ = {
			isa = XCBuildConfiguration;
			buildSettings = {
				ASSETCATALOG_COMPILER_APPICON_NAME = AppIcon;
				INFOPLIST_FILE = tumblr/Info.plist;
				LD_RUNPATH_SEARCH_PATHS = "$(inherited) @executable_path/Frameworks";
				PRODUCT_BUNDLE_IDENTIFIER = com.fargofremling.tumblr;
				PRODUCT_NAME = "$(TARGET_NAME)";
			};
			name = Release;
		};
		3AC4D3E51C83D80C0074A0C1 /* Debug */ = {
			isa = XCBuildConfiguration;
			buildSettings = {
				BUNDLE_LOADER = "$(TEST_HOST)";
				INFOPLIST_FILE = tumblrTests/Info.plist;
				LD_RUNPATH_SEARCH_PATHS = "$(inherited) @executable_path/Frameworks @loader_path/Frameworks";
				PRODUCT_BUNDLE_IDENTIFIER = com.fargofremling.tumblrTests;
				PRODUCT_NAME = "$(TARGET_NAME)";
				TEST_HOST = "$(BUILT_PRODUCTS_DIR)/tumblr.app/tumblr";
			};
			name = Debug;
		};
		3AC4D3E61C83D80C0074A0C1 /* Release */ = {
			isa = XCBuildConfiguration;
			buildSettings = {
				BUNDLE_LOADER = "$(TEST_HOST)";
				INFOPLIST_FILE = tumblrTests/Info.plist;
				LD_RUNPATH_SEARCH_PATHS = "$(inherited) @executable_path/Frameworks @loader_path/Frameworks";
				PRODUCT_BUNDLE_IDENTIFIER = com.fargofremling.tumblrTests;
				PRODUCT_NAME = "$(TARGET_NAME)";
				TEST_HOST = "$(BUILT_PRODUCTS_DIR)/tumblr.app/tumblr";
			};
			name = Release;
		};
		3AC4D3E81C83D80C0074A0C1 /* Debug */ = {
			isa = XCBuildConfiguration;
			buildSettings = {
				INFOPLIST_FILE = tumblrUITests/Info.plist;
				LD_RUNPATH_SEARCH_PATHS = "$(inherited) @executable_path/Frameworks @loader_path/Frameworks";
				PRODUCT_BUNDLE_IDENTIFIER = com.fargofremling.tumblrUITests;
				PRODUCT_NAME = "$(TARGET_NAME)";
				TEST_TARGET_NAME = tumblr;
				USES_XCTRUNNER = YES;
			};
			name = Debug;
		};
		3AC4D3E91C83D80C0074A0C1 /* Release */ = {
			isa = XCBuildConfiguration;
			buildSettings = {
				INFOPLIST_FILE = tumblrUITests/Info.plist;
				LD_RUNPATH_SEARCH_PATHS = "$(inherited) @executable_path/Frameworks @loader_path/Frameworks";
				PRODUCT_BUNDLE_IDENTIFIER = com.fargofremling.tumblrUITests;
				PRODUCT_NAME = "$(TARGET_NAME)";
				TEST_TARGET_NAME = tumblr;
				USES_XCTRUNNER = YES;
			};
			name = Release;
		};
/* End XCBuildConfiguration section */

/* Begin XCConfigurationList section */
		3AC4D3B41C83D80B0074A0C1 /* Build configuration list for PBXProject "tumblr" */ = {
			isa = XCConfigurationList;
			buildConfigurations = (
				3AC4D3DF1C83D80C0074A0C1 /* Debug */,
				3AC4D3E01C83D80C0074A0C1 /* Release */,
			);
			defaultConfigurationIsVisible = 0;
			defaultConfigurationName = Release;
		};
		3AC4D3E11C83D80C0074A0C1 /* Build configuration list for PBXNativeTarget "tumblr" */ = {
			isa = XCConfigurationList;
			buildConfigurations = (
				3AC4D3E21C83D80C0074A0C1 /* Debug */,
				3AC4D3E31C83D80C0074A0C1 /* Release */,
			);
			defaultConfigurationIsVisible = 0;
		};
		3AC4D3E41C83D80C0074A0C1 /* Build configuration list for PBXNativeTarget "tumblrTests" */ = {
			isa = XCConfigurationList;
			buildConfigurations = (
				3AC4D3E51C83D80C0074A0C1 /* Debug */,
				3AC4D3E61C83D80C0074A0C1 /* Release */,
			);
			defaultConfigurationIsVisible = 0;
		};
		3AC4D3E71C83D80C0074A0C1 /* Build configuration list for PBXNativeTarget "tumblrUITests" */ = {
			isa = XCConfigurationList;
			buildConfigurations = (
				3AC4D3E81C83D80C0074A0C1 /* Debug */,
				3AC4D3E91C83D80C0074A0C1 /* Release */,
			);
			defaultConfigurationIsVisible = 0;
		};
/* End XCConfigurationList section */
	};
	rootObject = 3AC4D3B11C83D80B0074A0C1 /* Project object */;
}
